Microsoft Visual Studio Solution File, Format Version 12.00
# Visual Studio Version 17
VisualStudioVersion = 17.5.2.0
MinimumVisualStudioVersion = 10.0.40219.1
Project("{FAE04EC0-301F-11D3-BF4B-00C04F79EFBC}") = "MySQLQueryExecutor", "MySQLQueryExecutor.csproj", "{FB6B7E80-7889-6659-2C67-D15F45F44146}"
EndProject
Global
	GlobalSection(SolutionConfigurationPlatforms) = preSolution
		Debug|Any CPU = Debug|Any CPU
		Release|Any CPU = Release|Any CPU
	EndGlobalSection
	GlobalSection(ProjectConfigurationPlatforms) = postSolution
		{FB6B7E80-7889-6659-2C67-D15F45F44146}.Debug|Any CPU.ActiveCfg = Debug|Any CPU
		{FB6B7E80-7889-6659-2C67-D15F45F44146}.Debug|Any CPU.Build.0 = Debug|Any CPU
		{FB6B7E80-7889-6659-2C67-D15F45F44146}.Release|Any CPU.ActiveCfg = Release|Any CPU
		{FB6B7E80-7889-6659-2C67-D15F45F44146}.Release|Any CPU.Build.0 = Release|Any CPU
	EndGlobalSection
	GlobalSection(SolutionProperties) = preSolution
		HideSolutionNode = FALSE
	EndGlobalSection
	GlobalSection(ExtensibilityGlobals) = postSolution
		SolutionGuid = {87C16924-CBFE-47CC-A1C7-76EB23AC1680}
	EndGlobalSection
EndGlobal
